// !$*UTF8*$!
{
	archiveVersion = 1;
	classes = {
	};
	objectVersion = 56;
	objects = {

/* Begin PBXBuildFile section */
		889FCDF12AD4B233000604CF /* VolunteerProject3_0App.swift in Sources */ = {isa = PBXBuildFile; fileRef = 889FCDF02AD4B233000604CF /* VolunteerProject3_0App.swift */; };
		889FCDF32AD4B233000604CF /* ContentView.swift in Sources */ = {isa = PBXBuildFile; fileRef = 889FCDF22AD4B233000604CF /* ContentView.swift */; };
		889FCDF52AD4B234000604CF /* Assets.xcassets in Resources */ = {isa = PBXBuildFile; fileRef = 889FCDF42AD4B234000604CF /* Assets.xcassets */; };
		889FCDF82AD4B234000604CF /* Preview Assets.xcassets in Resources */ = {isa = PBXBuildFile; fileRef = 889FCDF72AD4B234000604CF /* Preview Assets.xcassets */; };
		889FCE022AD4B234000604CF /* VolunteerProject3_0Tests.swift in Sources */ = {isa = PBXBuildFile; fileRef = 889FCE012AD4B234000604CF /* VolunteerProject3_0Tests.swift */; };
		889FCE0C2AD4B234000604CF /* VolunteerProject3_0UITests.swift in Sources */ = {isa = PBXBuildFile; fileRef = 889FCE0B2AD4B234000604CF /* VolunteerProject3_0UITests.swift */; };
		889FCE0E2AD4B234000604CF /* VolunteerProject3_0UITestsLaunchTests.swift in Sources */ = {isa = PBXBuildFile; fileRef = 889FCE0D2AD4B234000604CF /* VolunteerProject3_0UITestsLaunchTests.swift */; };
/* End PBXBuildFile section */

/* Begin PBXContainerItemProxy section */
		889FCDFE2AD4B234000604CF /* PBXContainerItemProxy */ = {
			isa = PBXContainerItemProxy;
			containerPortal = 889FCDE52AD4B232000604CF /* Project object */;
			proxyType = 1;
			remoteGlobalIDString = 889FCDEC2AD4B233000604CF;
			remoteInfo = VolunteerProject3.0;
		};
		889FCE082AD4B234000604CF /* PBXContainerItemProxy */ = {
			isa = PBXContainerItemProxy;
			containerPortal = 889FCDE52AD4B232000604CF /* Project object */;
			proxyType = 1;
			remoteGlobalIDString = 889FCDEC2AD4B233000604CF;
			remoteInfo = VolunteerProject3.0;
		};
/* End PBXContainerItemProxy section */

/* Begin PBXFileReference section */
		889FCDED2AD4B233000604CF /* VolunteerProject3.0.app */ = {isa = PBXFileReference; explicitFileType = wrapper.application; includeInIndex = 0; path = VolunteerProject3.0.app; sourceTree = BUILT_PRODUCTS_DIR; };
		889FCDF02AD4B233000604CF /* VolunteerProject3_0App.swift */ = {isa = PBXFileReference; lastKnownFileType = sourcecode.swift; path = VolunteerProject3_0App.swift; sourceTree = "<group>"; };
		889FCDF22AD4B233000604CF /* ContentView.swift */ = {isa = PBXFileReference; lastKnownFileType = sourcecode.swift; path = ContentView.swift; sourceTree = "<group>"; };
		889FCDF42AD4B234000604CF /* Assets.xcassets */ = {isa = PBXFileReference; lastKnownFileType = folder.assetcatalog; path = Assets.xcassets; sourceTree = "<group>"; };
		889FCDF72AD4B234000604CF /* Preview Assets.xcassets */ = {isa = PBXFileReference; lastKnownFileType = folder.assetcatalog; path = "Preview Assets.xcassets"; sourceTree = "<group>"; };
		889FCDFD2AD4B234000604CF /* VolunteerProject3.0Tests.xctest */ = {isa = PBXFileReference; explicitFileType = wrapper.cfbundle; includeInIndex = 0; path = VolunteerProject3.0Tests.xctest; sourceTree = BUILT_PRODUCTS_DIR; };
		889FCE012AD4B234000604CF /* VolunteerProject3_0Tests.swift */ = {isa = PBXFileReference; lastKnownFileType = sourcecode.swift; path = VolunteerProject3_0Tests.swift; sourceTree = "<group>"; };
		889FCE072AD4B234000604CF /* VolunteerProject3.0UITests.xctest */ = {isa = PBXFileReference; explicitFileType = wrapper.cfbundle; includeInIndex = 0; path = VolunteerProject3.0UITests.xctest; sourceTree = BUILT_PRODUCTS_DIR; };
		889FCE0B2AD4B234000604CF /* VolunteerProject3_0UITests.swift */ = {isa = PBXFileReference; lastKnownFileType = sourcecode.swift; path = VolunteerProject3_0UITests.swift; sourceTree = "<group>"; };
		889FCE0D2AD4B234000604CF /* VolunteerProject3_0UITestsLaunchTests.swift */ = {isa = PBXFileReference; lastKnownFileType = sourcecode.swift; path = VolunteerProject3_0UITestsLaunchTests.swift; sourceTree = "<group>"; };
/* End PBXFileReference section */

/* Begin PBXFrameworksBuildPhase section */
		889FCDEA2AD4B233000604CF /* Frameworks */ = {
			isa = PBXFrameworksBuildPhase;
			buildActionMask = 2147483647;
			files = (
			);
			runOnlyForDeploymentPostprocessing = 0;
		};
		889FCDFA2AD4B234000604CF /* Frameworks */ = {
			isa = PBXFrameworksBuildPhase;
			buildActionMask = 2147483647;
			files = (
			);
			runOnlyForDeploymentPostprocessing = 0;
		};
		889FCE042AD4B234000604CF /* Frameworks */ = {
			isa = PBXFrameworksBuildPhase;
			buildActionMask = 2147483647;
			files = (
			);
			runOnlyForDeploymentPostprocessing = 0;
		};
/* End PBXFrameworksBuildPhase section */

/* Begin PBXGroup section */
		889FCDE42AD4B232000604CF = {
			isa = PBXGroup;
			children = (
				889FCDEF2AD4B233000604CF /* VolunteerProject3.0 */,
				889FCE002AD4B234000604CF /* VolunteerProject3.0Tests */,
				889FCE0A2AD4B234000604CF /* VolunteerProject3.0UITests */,
				889FCDEE2AD4B233000604CF /* Products */,
			);
			sourceTree = "<group>";
		};
		889FCDEE2AD4B233000604CF /* Products */ = {
			isa = PBXGroup;
			children = (
				889FCDED2AD4B233000604CF /* VolunteerProject3.0.app */,
				889FCDFD2AD4B234000604CF /* VolunteerProject3.0Tests.xctest */,
				889FCE072AD4B234000604CF /* VolunteerProject3.0UITests.xctest */,
			);
			name = Products;
			sourceTree = "<group>";
		};
		889FCDEF2AD4B233000604CF /* VolunteerProject3.0 */ = {
			isa = PBXGroup;
			children = (
				889FCDF02AD4B233000604CF /* VolunteerProject3_0App.swift */,
				889FCDF22AD4B233000604CF /* ContentView.swift */,
				889FCDF42AD4B234000604CF /* Assets.xcassets */,
				889FCDF62AD4B234000604CF /* Preview Content */,
			);
			path = VolunteerProject3.0;
			sourceTree = "<group>";
		};
		889FCDF62AD4B234000604CF /* Preview Content */ = {
			isa = PBXGroup;
			children = (
				889FCDF72AD4B234000604CF /* Preview Assets.xcassets */,
			);
			path = "Preview Content";
			sourceTree = "<group>";
		};
		889FCE002AD4B234000604CF /* VolunteerProject3.0Tests */ = {
			isa = PBXGroup;
			children = (
				889FCE012AD4B234000604CF /* VolunteerProject3_0Tests.swift */,
			);
			path = VolunteerProject3.0Tests;
			sourceTree = "<group>";
		};
		889FCE0A2AD4B234000604CF /* VolunteerProject3.0UITests */ = {
			isa = PBXGroup;
			children = (
				889FCE0B2AD4B234000604CF /* VolunteerProject3_0UITests.swift */,
				889FCE0D2AD4B234000604CF /* VolunteerProject3_0UITestsLaunchTests.swift */,
			);
			path = VolunteerProject3.0UITests;
			sourceTree = "<group>";
		};
/* End PBXGroup section */

/* Begin PBXNativeTarget section */
		889FCDEC2AD4B233000604CF /* VolunteerProject3.0 */ = {
			isa = PBXNativeTarget;
			buildConfigurationList = 889FCE112AD4B234000604CF /* Build configuration list for PBXNativeTarget "VolunteerProject3.0" */;
			buildPhases = (
				889FCDE92AD4B233000604CF /* Sources */,
				889FCDEA2AD4B233000604CF /* Frameworks */,
				889FCDEB2AD4B233000604CF /* Resources */,
			);
			buildRules = (
			);
			dependencies = (
			);
			name = VolunteerProject3.0;
			productName = VolunteerProject3.0;
			productReference = 889FCDED2AD4B233000604CF /* VolunteerProject3.0.app */;
			productType = "com.apple.product-type.application";
		};
		889FCDFC2AD4B234000604CF /* VolunteerProject3.0Tests */ = {
			isa = PBXNativeTarget;
			buildConfigurationList = 889FCE142AD4B234000604CF /* Build configuration list for PBXNativeTarget "VolunteerProject3.0Tests" */;
			buildPhases = (
				889FCDF92AD4B234000604CF /* Sources */,
				889FCDFA2AD4B234000604CF /* Frameworks */,
				889FCDFB2AD4B234000604CF /* Resources */,
			);
			buildRules = (
			);
			dependencies = (
				889FCDFF2AD4B234000604CF /* PBXTargetDependency */,
			);
			name = VolunteerProject3.0Tests;
			productName = VolunteerProject3.0Tests;
			productReference = 889FCDFD2AD4B234000604CF /* VolunteerProject3.0Tests.xctest */;
			productType = "com.apple.product-type.bundle.unit-test";
		};
		889FCE062AD4B234000604CF /* VolunteerProject3.0UITests */ = {
			isa = PBXNativeTarget;
			buildConfigurationList = 889FCE172AD4B234000604CF /* Build configuration list for PBXNativeTarget "VolunteerProject3.0UITests" */;
			buildPhases = (
				889FCE032AD4B234000604CF /* Sources */,
				889FCE042AD4B234000604CF /* Frameworks */,
				889FCE052AD4B234000604CF /* Resources */,
			);
			buildRules = (
			);
			dependencies = (
				889FCE092AD4B234000604CF /* PBXTargetDependency */,
			);
			name = VolunteerProject3.0UITests;
			productName = VolunteerProject3.0UITests;
			productReference = 889FCE072AD4B234000604CF /* VolunteerProject3.0UITests.xctest */;
			productType = "com.apple.product-type.bundle.ui-testing";
		};
/* End PBXNativeTarget section */

/* Begin PBXProject section */
		889FCDE52AD4B232000604CF /* Project object */ = {
			isa = PBXProject;
			attributes = {
				BuildIndependentTargetsInParallel = 1;
				LastSwiftUpdateCheck = 1420;
				LastUpgradeCheck = 1420;
				TargetAttributes = {
					889FCDEC2AD4B233000604CF = {
						CreatedOnToolsVersion = 14.2;
					};
					889FCDFC2AD4B234000604CF = {
						CreatedOnToolsVersion = 14.2;
						TestTargetID = 889FCDEC2AD4B233000604CF;
					};
					889FCE062AD4B234000604CF = {
						CreatedOnToolsVersion = 14.2;
						TestTargetID = 889FCDEC2AD4B233000604CF;
					};
				};
			};
			buildConfigurationList = 889FCDE82AD4B233000604CF /* Build configuration list for PBXProject "VolunteerProject3.0" */;
			compatibilityVersion = "Xcode 14.0";
			developmentRegion = en;
			hasScannedForEncodings = 0;
			knownRegions = (
				en,
				Base,
			);
			mainGroup = 889FCDE42AD4B232000604CF;
			productRefGroup = 889FCDEE2AD4B233000604CF /* Products */;
			projectDirPath = "";
			projectRoot = "";
			targets = (
				889FCDEC2AD4B233000604CF /* VolunteerProject3.0 */,
				889FCDFC2AD4B234000604CF /* VolunteerProject3.0Tests */,
				889FCE062AD4B234000604CF /* VolunteerProject3.0UITests */,
			);
		};
/* End PBXProject section */

/* Begin PBXResourcesBuildPhase section */
		889FCDEB2AD4B233000604CF /* Resources */ = {
			isa = PBXResourcesBuildPhase;
			buildActionMask = 2147483647;
			files = (
				889FCDF82AD4B234000604CF /* Preview Assets.xcassets in Resources */,
				889FCDF52AD4B234000604CF /* Assets.xcassets in Resources */,
			);
			runOnlyForDeploymentPostprocessing = 0;
		};
		889FCDFB2AD4B234000604CF /* Resources */ = {
			isa = PBXResourcesBuildPhase;
			buildActionMask = 2147483647;
			files = (
			);
			runOnlyForDeploymentPostprocessing = 0;
		};
		889FCE052AD4B234000604CF /* Resources */ = {
			isa = PBXResourcesBuildPhase;
			buildActionMask = 2147483647;
			files = (
			);
			runOnlyForDeploymentPostprocessing = 0;
		};
/* End PBXResourcesBuildPhase section */

/* Begin PBXSourcesBuildPhase section */
		889FCDE92AD4B233000604CF /* Sources */ = {
			isa = PBXSourcesBuildPhase;
			buildActionMask = 2147483647;
			files = (
				889FCDF32AD4B233000604CF /* ContentView.swift in Sources */,
				889FCDF12AD4B233000604CF /* VolunteerProject3_0App.swift in Sources */,
			);
			runOnlyForDeploymentPostprocessing = 0;
		};
		889FCDF92AD4B234000604CF /* Sources */ = {
			isa = PBXSourcesBuildPhase;
			buildActionMask = 2147483647;
			files = (
				889FCE022AD4B234000604CF /* VolunteerProject3_0Tests.swift in Sources */,
			);
			runOnlyForDeploymentPostprocessing = 0;
		};
		889FCE032AD4B234000604CF /* Sources */ = {
			isa = PBXSourcesBuildPhase;
			buildActionMask = 2147483647;
			files = (
				889FCE0E2AD4B234000604CF /* VolunteerProject3_0UITestsLaunchTests.swift in Sources */,
				889FCE0C2AD4B234000604CF /* VolunteerProject3_0UITests.swift in Sources */,
			);
			runOnlyForDeploymentPostprocessing = 0;
		};
/* End PBXSourcesBuildPhase section */

/* Begin PBXTargetDependency section */
		889FCDFF2AD4B234000604CF /* PBXTargetDependency */ = {
			isa = PBXTargetDependency;
			target = 889FCDEC2AD4B233000604CF /* VolunteerProject3.0 */;
			targetProxy = 889FCDFE2AD4B234000604CF /* PBXContainerItemProxy */;
		};
		889FCE092AD4B234000604CF /* PBXTargetDependency */ = {
			isa = PBXTargetDependency;
			target = 889FCDEC2AD4B233000604CF /* VolunteerProject3.0 */;
			targetProxy = 889FCE082AD4B234000604CF /* PBXContainerItemProxy */;
		};
/* End PBXTargetDependency section */

/* Begin XCBuildConfiguration section */
		889FCE0F2AD4B234000604CF /* Debug */ = {
			isa = XCBuildConfiguration;
			buildSettings = {
				ALWAYS_SEARCH_USER_PATHS = NO;
				CLANG_ANALYZER_NONNULL = YES;
				CLANG_ANALYZER_NUMBER_OBJECT_CONVERSION = YES_AGGRESSIVE;
				CLANG_CXX_LANGUAGE_STANDARD = "gnu++20";
				CLANG_ENABLE_MODULES = YES;
				CLANG_ENABLE_OBJC_ARC = YES;
				CLANG_ENABLE_OBJC_WEAK = YES;
				CLANG_WARN_BLOCK_CAPTURE_AUTORELEASING = YES;
				CLANG_WARN_BOOL_CONVERSION = YES;
				CLANG_WARN_COMMA = YES;
				CLANG_WARN_CONSTANT_CONVERSION = YES;
				CLANG_WARN_DEPRECATED_OBJC_IMPLEMENTATIONS = YES;
				CLANG_WARN_DIRECT_OBJC_ISA_USAGE = YES_ERROR;
				CLANG_WARN_DOCUMENTATION_COMMENTS = YES;
				CLANG_WARN_EMPTY_BODY = YES;
				CLANG_WARN_ENUM_CONVERSION = YES;
				CLANG_WARN_INFINITE_RECURSION = YES;
				CLANG_WARN_INT_CONVERSION = YES;
				CLANG_WARN_NON_LITERAL_NULL_CONVERSION = YES;
				CLANG_WARN_OBJC_IMPLICIT_RETAIN_SELF = YES;
				CLANG_WARN_OBJC_LITERAL_CONVERSION = YES;
				CLANG_WARN_OBJC_ROOT_CLASS = YES_ERROR;
				CLANG_WARN_QUOTED_INCLUDE_IN_FRAMEWORK_HEADER = YES;
				CLANG_WARN_RANGE_LOOP_ANALYSIS = YES;
				CLANG_WARN_STRICT_PROTOTYPES = YES;
				CLANG_WARN_SUSPICIOUS_MOVE = YES;
				CLANG_WARN_UNGUARDED_AVAILABILITY = YES_AGGRESSIVE;
				CLANG_WARN_UNREACHABLE_CODE = YES;
				CLANG_WARN__DUPLICATE_METHOD_MATCH = YES;
				COPY_PHASE_STRIP = NO;
				DEBUG_INFORMATION_FORMAT = dwarf;
				ENABLE_STRICT_OBJC_MSGSEND = YES;
				ENABLE_TESTABILITY = YES;
				GCC_C_LANGUAGE_STANDARD = gnu11;
				GCC_DYNAMIC_NO_PIC = NO;
				GCC_NO_COMMON_BLOCKS = YES;
				GCC_OPTIMIZATION_LEVEL = 0;
				GCC_PREPROCESSOR_DEFINITIONS = (
					"DEBUG=1",
					"$(inherited)",
				);
				GCC_WARN_64_TO_32_BIT_CONVERSION = YES;
				GCC_WARN_ABOUT_RETURN_TYPE = YES_ERROR;
				GCC_WARN_UNDECLARED_SELECTOR = YES;
				GCC_WARN_UNINITIALIZED_AUTOS = YES_AGGRESSIVE;
				GCC_WARN_UNUSED_FUNCTION = YES;
				GCC_WARN_UNUSED_VARIABLE = YES;
				IPHONEOS_DEPLOYMENT_TARGET = 16.2;
				MTL_ENABLE_DEBUG_INFO = INCLUDE_SOURCE;
				MTL_FAST_MATH = YES;
				ONLY_ACTIVE_ARCH = YES;
				SDKROOT = iphoneos;
				SWIFT_ACTIVE_COMPILATION_CONDITIONS = DEBUG;
				SWIFT_OPTIMIZATION_LEVEL = "-Onone";
			};
			name = Debug;
		};
		889FCE102AD4B234000604CF /* Release */ = {
			isa = XCBuildConfiguration;
			buildSettings = {
				ALWAYS_SEARCH_USER_PATHS = NO;
				CLANG_ANALYZER_NONNULL = YES;
				CLANG_ANALYZER_NUMBER_OBJECT_CONVERSION = YES_AGGRESSIVE;
				CLANG_CXX_LANGUAGE_STANDARD = "gnu++20";
				CLANG_ENABLE_MODULES = YES;
				CLANG_ENABLE_OBJC_ARC = YES;
				CLANG_ENABLE_OBJC_WEAK = YES;
				CLANG_WARN_BLOCK_CAPTURE_AUTORELEASING = YES;
				CLANG_WARN_BOOL_CONVERSION = YES;
				CLANG_WARN_COMMA = YES;
				CLANG_WARN_CONSTANT_CONVERSION = YES;
				CLANG_WARN_DEPRECATED_OBJC_IMPLEMENTATIONS = YES;
				CLANG_WARN_DIRECT_OBJC_ISA_USAGE = YES_ERROR;
				CLANG_WARN_DOCUMENTATION_COMMENTS = YES;
				CLANG_WARN_EMPTY_BODY = YES;
				CLANG_WARN_ENUM_CONVERSION = YES;
				CLANG_WARN_INFINITE_RECURSION = YES;
				CLANG_WARN_INT_CONVERSION = YES;
				CLANG_WARN_NON_LITERAL_NULL_CONVERSION = YES;
				CLANG_WARN_OBJC_IMPLICIT_RETAIN_SELF = YES;
				CLANG_WARN_OBJC_LITERAL_CONVERSION = YES;
				CLANG_WARN_OBJC_ROOT_CLASS = YES_ERROR;
				CLANG_WARN_QUOTED_INCLUDE_IN_FRAMEWORK_HEADER = YES;
				CLANG_WARN_RANGE_LOOP_ANALYSIS = YES;
				CLANG_WARN_STRICT_PROTOTYPES = YES;
				CLANG_WARN_SUSPICIOUS_MOVE = YES;
				CLANG_WARN_UNGUARDED_AVAILABILITY = YES_AGGRESSIVE;
				CLANG_WARN_UNREACHABLE_CODE = YES;
				CLANG_WARN__DUPLICATE_METHOD_MATCH = YES;
				COPY_PHASE_STRIP = NO;
				DEBUG_INFORMATION_FORMAT = "dwarf-with-dsym";
				ENABLE_NS_ASSERTIONS = NO;
				ENABLE_STRICT_OBJC_MSGSEND = YES;
				GCC_C_LANGUAGE_STANDARD = gnu11;
				GCC_NO_COMMON_BLOCKS = YES;
				GCC_WARN_64_TO_32_BIT_CONVERSION = YES;
				GCC_WARN_ABOUT_RETURN_TYPE = YES_ERROR;
				GCC_WARN_UNDECLARED_SELECTOR = YES;
				GCC_WARN_UNINITIALIZED_AUTOS = YES_AGGRESSIVE;
				GCC_WARN_UNUSED_FUNCTION = YES;
				GCC_WARN_UNUSED_VARIABLE = YES;
				IPHONEOS_DEPLOYMENT_TARGET = 16.2;
				MTL_ENABLE_DEBUG_INFO = NO;
				MTL_FAST_MATH = YES;
				SDKROOT = iphoneos;
				SWIFT_COMPILATION_MODE = wholemodule;
				SWIFT_OPTIMIZATION_LEVEL = "-O";
				VALIDATE_PRODUCT = YES;
			};
			name = Release;
		};
		889FCE122AD4B234000604CF /* Debug */ = {
			isa = XCBuildConfiguration;
			buildSettings = {
				ASSETCATALOG_COMPILER_APPICON_NAME = AppIcon;
				ASSETCATALOG_COMPILER_GLOBAL_ACCENT_COLOR_NAME = AccentColor;
				CODE_SIGN_STYLE = Automatic;
				CURRENT_PROJECT_VERSION = 1;
				DEVELOPMENT_ASSET_PATHS = "\"VolunteerProject3.0/Preview Content\"";
				ENABLE_PREVIEWS = YES;
				GENERATE_INFOPLIST_FILE = YES;
				INFOPLIST_KEY_UIApplicationSceneManifest_Generation = YES;
				INFOPLIST_KEY_UIApplicationSupportsIndirectInputEvents = YES;
				INFOPLIST_KEY_UILaunchScreen_Generation = YES;
				INFOPLIST_KEY_UISupportedInterfaceOrientations_iPad = "UIInterfaceOrientationPortrait UIInterfaceOrientationPortraitUpsideDown UIInterfaceOrientationLandscapeLeft UIInterfaceOrientationLandscapeRight";
				INFOPLIST_KEY_UISupportedInterfaceOrientations_iPhone = "UIInterfaceOrientationPortrait UIInterfaceOrientationLandscapeLeft UIInterfaceOrientationLandscapeRight";
				LD_RUNPATH_SEARCH_PATHS = (
					"$(inherited)",
					"@executable_path/Frameworks",
				);
				MARKETING_VERSION = 1.0;
				PRODUCT_BUNDLE_IDENTIFIER = "jialaiali.VolunteerProject3-0";
				PRODUCT_NAME = "$(TARGET_NAME)";
				SWIFT_EMIT_LOC_STRINGS = YES;
				SWIFT_VERSION = 5.0;
				TARGETED_DEVICE_FAMILY = "1,2";
			};
			name = Debug;
		};
		889FCE132AD4B234000604CF /* Release */ = {
			isa = XCBuildConfiguration;
			buildSettings = {
				ASSETCATALOG_COMPILER_APPICON_NAME = AppIcon;
				ASSETCATALOG_COMPILER_GLOBAL_ACCENT_COLOR_NAME = AccentColor;
				CODE_SIGN_STYLE = Automatic;
				CURRENT_PROJECT_VERSION = 1;
				DEVELOPMENT_ASSET_PATHS = "\"VolunteerProject3.0/Preview Content\"";
				ENABLE_PREVIEWS = YES;
				GENERATE_INFOPLIST_FILE = YES;
				INFOPLIST_KEY_UIApplicationSceneManifest_Generation = YES;
				INFOPLIST_KEY_UIApplicationSupportsIndirectInputEvents = YES;
				INFOPLIST_KEY_UILaunchScreen_Generation = YES;
				INFOPLIST_KEY_UISupportedInterfaceOrientations_iPad = "UIInterfaceOrientationPortrait UIInterfaceOrientationPortraitUpsideDown UIInterfaceOrientationLandscapeLeft UIInterfaceOrientationLandscapeRight";
				INFOPLIST_KEY_UISupportedInterfaceOrientations_iPhone = "UIInterfaceOrientationPortrait UIInterfaceOrientationLandscapeLeft UIInterfaceOrientationLandscapeRight";
				LD_RUNPATH_SEARCH_PATHS = (
					"$(inherited)",
					"@executable_path/Frameworks",
				);
				MARKETING_VERSION = 1.0;
				PRODUCT_BUNDLE_IDENTIFIER = "jialaiali.VolunteerProject3-0";
				PRODUCT_NAME = "$(TARGET_NAME)";
				SWIFT_EMIT_LOC_STRINGS = YES;
				SWIFT_VERSION = 5.0;
				TARGETED_DEVICE_FAMILY = "1,2";
			};
			name = Release;
		};
		889FCE152AD4B234000604CF /* Debug */ = {
			isa = XCBuildConfiguration;
			buildSettings = {
				ALWAYS_EMBED_SWIFT_STANDARD_LIBRARIES = YES;
				BUNDLE_LOADER = "$(TEST_HOST)";
				CODE_SIGN_STYLE = Automatic;
				CURRENT_PROJECT_VERSION = 1;
				GENERATE_INFOPLIST_FILE = YES;
				IPHONEOS_DEPLOYMENT_TARGET = 16.2;
				MARKETING_VERSION = 1.0;
				PRODUCT_BUNDLE_IDENTIFIER = "jialaiali.VolunteerProject3-0Tests";
				PRODUCT_NAME = "$(TARGET_NAME)";
				SWIFT_EMIT_LOC_STRINGS = NO;
				SWIFT_VERSION = 5.0;
				TARGETED_DEVICE_FAMILY = "1,2";
				TEST_HOST = "$(BUILT_PRODUCTS_DIR)/VolunteerProject3.0.app/$(BUNDLE_EXECUTABLE_FOLDER_PATH)/VolunteerProject3.0";
			};
			name = Debug;
		};
		889FCE162AD4B234000604CF /* Release */ = {
			isa = XCBuildConfiguration;
			buildSettings = {
				ALWAYS_EMBED_SWIFT_STANDARD_LIBRARIES = YES;
				BUNDLE_LOADER = "$(TEST_HOST)";
				CODE_SIGN_STYLE = Automatic;
				CURRENT_PROJECT_VERSION = 1;
				GENERATE_INFOPLIST_FILE = YES;
				IPHONEOS_DEPLOYMENT_TARGET = 16.2;
				MARKETING_VERSION = 1.0;
				PRODUCT_BUNDLE_IDENTIFIER = "jialaiali.VolunteerProject3-0Tests";
				PRODUCT_NAME = "$(TARGET_NAME)";
				SWIFT_EMIT_LOC_STRINGS = NO;
				SWIFT_VERSION = 5.0;
				TARGETED_DEVICE_FAMILY = "1,2";
				TEST_HOST = "$(BUILT_PRODUCTS_DIR)/VolunteerProject3.0.app/$(BUNDLE_EXECUTABLE_FOLDER_PATH)/VolunteerProject3.0";
			};
			name = Release;
		};
		889FCE182AD4B234000604CF /* Debug */ = {
			isa = XCBuildConfiguration;
			buildSettings = {
				ALWAYS_EMBED_SWIFT_STANDARD_LIBRARIES = YES;
				CODE_SIGN_STYLE = Automatic;
				CURRENT_PROJECT_VERSION = 1;
				GENERATE_INFOPLIST_FILE = YES;
				MARKETING_VERSION = 1.0;
				PRODUCT_BUNDLE_IDENTIFIER = "jialaiali.VolunteerProject3-0UITests";
				PRODUCT_NAME = "$(TARGET_NAME)";
				SWIFT_EMIT_LOC_STRINGS = NO;
				SWIFT_VERSION = 5.0;
				TARGETED_DEVICE_FAMILY = "1,2";
				TEST_TARGET_NAME = VolunteerProject3.0;
			};
			name = Debug;
		};
		889FCE192AD4B234000604CF /* Release */ = {
			isa = XCBuildConfiguration;
			buildSettings = {
				ALWAYS_EMBED_SWIFT_STANDARD_LIBRARIES = YES;
				CODE_SIGN_STYLE = Automatic;
				CURRENT_PROJECT_VERSION = 1;
				GENERATE_INFOPLIST_FILE = YES;
				MARKETING_VERSION = 1.0;
				PRODUCT_BUNDLE_IDENTIFIER = "jialaiali.VolunteerProject3-0UITests";
				PRODUCT_NAME = "$(TARGET_NAME)";
				SWIFT_EMIT_LOC_STRINGS = NO;
				SWIFT_VERSION = 5.0;
				TARGETED_DEVICE_FAMILY = "1,2";
				TEST_TARGET_NAME = VolunteerProject3.0;
			};
			name = Release;
		};
/* End XCBuildConfiguration section */

/* Begin XCConfigurationList section */
		889FCDE82AD4B233000604CF /* Build configuration list for PBXProject "VolunteerProject3.0" */ = {
			isa = XCConfigurationList;
			buildConfigurations = (
				889FCE0F2AD4B234000604CF /* Debug */,
				889FCE102AD4B234000604CF /* Release */,
			);
			defaultConfigurationIsVisible = 0;
			defaultConfigurationName = Release;
		};
		889FCE112AD4B234000604CF /* Build configuration list for PBXNativeTarget "VolunteerProject3.0" */ = {
			isa = XCConfigurationList;
			buildConfigurations = (
				889FCE122AD4B234000604CF /* Debug */,
				889FCE132AD4B234000604CF /* Release */,
			);
			defaultConfigurationIsVisible = 0;
			defaultConfigurationName = Release;
		};
		889FCE142AD4B234000604CF /* Build configuration list for PBXNativeTarget "VolunteerProject3.0Tests" */ = {
			isa = XCConfigurationList;
			buildConfigurations = (
				889FCE152AD4B234000604CF /* Debug */,
				889FCE162AD4B234000604CF /* Release */,
			);
			defaultConfigurationIsVisible = 0;
			defaultConfigurationName = Release;
		};
		889FCE172AD4B234000604CF /* Build configuration list for PBXNativeTarget "VolunteerProject3.0UITests" */ = {
			isa = XCConfigurationList;
			buildConfigurations = (
				889FCE182AD4B234000604CF /* Debug */,
				889FCE192AD4B234000604CF /* Release */,
			);
			defaultConfigurationIsVisible = 0;
			defaultConfigurationName = Release;
		};
/* End XCConfigurationList section */
	};
	rootObject = 889FCDE52AD4B232000604CF /* Project object */;
}
